{
  "version": 3,
  "targets": {
    "net8.0/linux-x64": {
      "gpr/0.1.294": {
        "type": "package",
        "tools": {
          "tools/netcoreapp3.0/any/DotNet.Glob.dll": {},
          "tools/netcoreapp3.0/any/DotnetToolSettings.xml": {},
          "tools/netcoreapp3.0/any/McMaster.Extensions.CommandLineUtils.dll": {},
          "tools/netcoreapp3.0/any/Newtonsoft.Json.dll": {},
          "tools/netcoreapp3.0/any/NuGet.Common.dll": {},
          "tools/netcoreapp3.0/any/NuGet.Configuration.dll": {},
          "tools/netcoreapp3.0/any/NuGet.Frameworks.dll": {},
          "tools/netcoreapp3.0/any/NuGet.Packaging.dll": {},
          "tools/netcoreapp3.0/any/NuGet.Versioning.dll": {},
          "tools/netcoreapp3.0/any/Octokit.GraphQL.Core.dll": {},
          "tools/netcoreapp3.0/any/Octokit.GraphQL.dll": {},
          "tools/netcoreapp3.0/any/Polly.dll": {},
          "tools/netcoreapp3.0/any/RestSharp.dll": {},
          "tools/netcoreapp3.0/any/System.ComponentModel.Annotations.dll": {},
          "tools/netcoreapp3.0/any/action.yml": {},
          "tools/netcoreapp3.0/any/gpr.deps.json": {},
          "tools/netcoreapp3.0/any/gpr.dll": {},
          "tools/netcoreapp3.0/any/gpr.pdb": {},
          "tools/netcoreapp3.0/any/gpr.runtimeconfig.json": {},
          "tools/netcoreapp3.0/any/runtimes/unix/lib/netstandard1.3/System.Security.Cryptography.ProtectedData.dll": {},
          "tools/netcoreapp3.0/any/runtimes/win/lib/netstandard1.3/System.Security.Cryptography.ProtectedData.dll": {}
        }
      }
    }
  },
  "libraries": {},
  "projectFileDependencyGroups": {}
}